// !$*UTF8*$!
{
	archiveVersion = 1;
	classes = {
	};
	objectVersion = 48;
	objects = {

/* Begin PBXBuildFile section */
		D86884BF203DDCAD00802341 /* AppDelegate.swift in Sources */ = {isa = PBXBuildFile; fileRef = D86884BE203DDCAD00802341 /* AppDelegate.swift */; };
		D86884C1203DDCAD00802341 /* ViewController.swift in Sources */ = {isa = PBXBuildFile; fileRef = D86884C0203DDCAD00802341 /* ViewController.swift */; };
		D86884C4203DDCAD00802341 /* Main.storyboard in Resources */ = {isa = PBXBuildFile; fileRef = D86884C2203DDCAD00802341 /* Main.storyboard */; };
		D86884C6203DDCAD00802341 /* Assets.xcassets in Resources */ = {isa = PBXBuildFile; fileRef = D86884C5203DDCAD00802341 /* Assets.xcassets */; };
		D86884C9203DDCAD00802341 /* LaunchScreen.storyboard in Resources */ = {isa = PBXBuildFile; fileRef = D86884C7203DDCAD00802341 /* LaunchScreen.storyboard */; };
/* End PBXBuildFile section */

/* Begin PBXFileReference section */
		D86884BB203DDCAD00802341 /* ProgramaticContstaintsAndAnimationsIOS17.app */ = {isa = PBXFileReference; explicitFileType = wrapper.application; includeInIndex = 0; path = ProgramaticContstaintsAndAnimationsIOS17.app; sourceTree = BUILT_PRODUCTS_DIR; };
		D86884BE203DDCAD00802341 /* AppDelegate.swift */ = {isa = PBXFileReference; lastKnownFileType = sourcecode.swift; path = AppDelegate.swift; sourceTree = "<group>"; };
		D86884C0203DDCAD00802341 /* ViewController.swift */ = {isa = PBXFileReference; lastKnownFileType = sourcecode.swift; path = ViewController.swift; sourceTree = "<group>"; };
		D86884C3203DDCAD00802341 /* Base */ = {isa = PBXFileReference; lastKnownFileType = file.storyboard; name = Base; path = Base.lproj/Main.storyboard; sourceTree = "<group>"; };
		D86884C5203DDCAD00802341 /* Assets.xcassets */ = {isa = PBXFileReference; lastKnownFileType = folder.assetcatalog; path = Assets.xcassets; sourceTree = "<group>"; };
		D86884C8203DDCAD00802341 /* Base */ = {isa = PBXFileReference; lastKnownFileType = file.storyboard; name = Base; path = Base.lproj/LaunchScreen.storyboard; sourceTree = "<group>"; };
		D86884CA203DDCAD00802341 /* Info.plist */ = {isa = PBXFileReference; lastKnownFileType = text.plist.xml; path = Info.plist; sourceTree = "<group>"; };
/* End PBXFileReference section */

/* Begin PBXFrameworksBuildPhase section */
		D86884B8203DDCAD00802341 /* Frameworks */ = {
			isa = PBXFrameworksBuildPhase;
			buildActionMask = 2147483647;
			files = (
			);
			runOnlyForDeploymentPostprocessing = 0;
		};
/* End PBXFrameworksBuildPhase section */

/* Begin PBXGroup section */
		D86884B2203DDCAD00802341 = {
			isa = PBXGroup;
			children = (
				D86884BD203DDCAD00802341 /* ProgramaticContstaintsAndAnimationsIOS17 */,
				D86884BC203DDCAD00802341 /* Products */,
			);
			sourceTree = "<group>";
		};
		D86884BC203DDCAD00802341 /* Products */ = {
			isa = PBXGroup;
			children = (
				D86884BB203DDCAD00802341 /* ProgramaticContstaintsAndAnimationsIOS17.app */,
			);
			name = Products;
			sourceTree = "<group>";
		};
		D86884BD203DDCAD00802341 /* ProgramaticContstaintsAndAnimationsIOS17 */ = {
			isa = PBXGroup;
			children = (
				D86884BE203DDCAD00802341 /* AppDelegate.swift */,
				D86884C0203DDCAD00802341 /* ViewController.swift */,
				D86884C2203DDCAD00802341 /* Main.storyboard */,
				D86884C5203DDCAD00802341 /* Assets.xcassets */,
				D86884C7203DDCAD00802341 /* LaunchScreen.storyboard */,
				D86884CA203DDCAD00802341 /* Info.plist */,
			);
			path = ProgramaticContstaintsAndAnimationsIOS17;
			sourceTree = "<group>";
		};
/* End PBXGroup section */

/* Begin PBXNativeTarget section */
		D86884BA203DDCAD00802341 /* ProgramaticContstaintsAndAnimationsIOS17 */ = {
			isa = PBXNativeTarget;
			buildConfigurationList = D86884CD203DDCAD00802341 /* Build configuration list for PBXNativeTarget "ProgramaticContstaintsAndAnimationsIOS17" */;
			buildPhases = (
				D86884B7203DDCAD00802341 /* Sources */,
				D86884B8203DDCAD00802341 /* Frameworks */,
				D86884B9203DDCAD00802341 /* Resources */,
			);
			buildRules = (
			);
			dependencies = (
			);
			name = ProgramaticContstaintsAndAnimationsIOS17;
			productName = ProgramaticContstaintsAndAnimationsIOS17;
			productReference = D86884BB203DDCAD00802341 /* ProgramaticContstaintsAndAnimationsIOS17.app */;
			productType = "com.apple.product-type.application";
		};
/* End PBXNativeTarget section */

/* Begin PBXProject section */
		D86884B3203DDCAD00802341 /* Project object */ = {
			isa = PBXProject;
			attributes = {
				LastSwiftUpdateCheck = 0920;
				LastUpgradeCheck = 0920;
				ORGANIZATIONNAME = "Joe Lucero";
				TargetAttributes = {
					D86884BA203DDCAD00802341 = {
						CreatedOnToolsVersion = 9.2;
						ProvisioningStyle = Automatic;
					};
				};
			};
			buildConfigurationList = D86884B6203DDCAD00802341 /* Build configuration list for PBXProject "ProgramaticContstaintsAndAnimationsIOS17" */;
			compatibilityVersion = "Xcode 8.0";
			developmentRegion = en;
			hasScannedForEncodings = 0;
			knownRegions = (
				en,
				Base,
			);
			mainGroup = D86884B2203DDCAD00802341;
			productRefGroup = D86884BC203DDCAD00802341 /* Products */;
			projectDirPath = "";
			projectRoot = "";
			targets = (
				D86884BA203DDCAD00802341 /* ProgramaticContstaintsAndAnimationsIOS17 */,
			);
		};
/* End PBXProject section */

/* Begin PBXResourcesBuildPhase section */
		D86884B9203DDCAD00802341 /* Resources */ = {
			isa = PBXResourcesBuildPhase;
			buildActionMask = 2147483647;
			files = (
				D86884C9203DDCAD00802341 /* LaunchScreen.storyboard in Resources */,
				D86884C6203DDCAD00802341 /* Assets.xcassets in Resources */,
				D86884C4203DDCAD00802341 /* Main.storyboard in Resources */,
			);
			runOnlyForDeploymentPostprocessing = 0;
		};
/* End PBXResourcesBuildPhase section */

/* Begin PBXSourcesBuildPhase section */
		D86884B7203DDCAD00802341 /* Sources */ = {
			isa = PBXSourcesBuildPhase;
			buildActionMask = 2147483647;
			files = (
				D86884C1203DDCAD00802341 /* ViewController.swift in Sources */,
				D86884BF203DDCAD00802341 /* AppDelegate.swift in Sources */,
			);
			runOnlyForDeploymentPostprocessing = 0;
		};
/* End PBXSourcesBuildPhase section */

/* Begin PBXVariantGroup section */
		D86884C2203DDCAD00802341 /* Main.storyboard */ = {
			isa = PBXVariantGroup;
			children = (
				D86884C3203DDCAD00802341 /* Base */,
			);
			name = Main.storyboard;
			sourceTree = "<group>";
		};
		D86884C7203DDCAD00802341 /* LaunchScreen.storyboard */ = {
			isa = PBXVariantGroup;
			children = (
				D86884C8203DDCAD00802341 /* Base */,
			);
			name = LaunchScreen.storyboard;
			sourceTree = "<group>";
		};
/* End PBXVariantGroup section */

/* Begin XCBuildConfiguration section */
		D86884CB203DDCAD00802341 /* Debug */ = {
			isa = XCBuildConfiguration;
			buildSettings = {
				ALWAYS_SEARCH_USER_PATHS = NO;
				CLANG_ANALYZER_NONNULL = YES;
				CLANG_ANALYZER_NUMBER_OBJECT_CONVERSION = YES_AGGRESSIVE;
				CLANG_CXX_LANGUAGE_STANDARD = "gnu++14";
				CLANG_CXX_LIBRARY = "libc++";
				CLANG_ENABLE_MODULES = YES;
				CLANG_ENABLE_OBJC_ARC = YES;
				CLANG_WARN_BLOCK_CAPTURE_AUTORELEASING = YES;
				CLANG_WARN_BOOL_CONVERSION = YES;
				CLANG_WARN_COMMA = YES;
				CLANG_WARN_CONSTANT_CONVERSION = YES;
				CLANG_WARN_DIRECT_OBJC_ISA_USAGE = YES_ERROR;
				CLANG_WARN_DOCUMENTATION_COMMENTS = YES;
				CLANG_WARN_EMPTY_BODY = YES;
				CLANG_WARN_ENUM_CONVERSION = YES;
				CLANG_WARN_INFINITE_RECURSION = YES;
				CLANG_WARN_INT_CONVERSION = YES;
				CLANG_WARN_NON_LITERAL_NULL_CONVERSION = YES;
				CLANG_WARN_OBJC_LITERAL_CONVERSION = YES;
				CLANG_WARN_OBJC_ROOT_CLASS = YES_ERROR;
				CLANG_WARN_RANGE_LOOP_ANALYSIS = YES;
				CLANG_WARN_STRICT_PROTOTYPES = YES;
				CLANG_WARN_SUSPICIOUS_MOVE = YES;
				CLANG_WARN_UNGUARDED_AVAILABILITY = YES_AGGRESSIVE;
				CLANG_WARN_UNREACHABLE_CODE = YES;
				CLANG_WARN__DUPLICATE_METHOD_MATCH = YES;
				CODE_SIGN_IDENTITY = "iPhone Developer";
				COPY_PHASE_STRIP = NO;
				DEBUG_INFORMATION_FORMAT = dwarf;
				ENABLE_STRICT_OBJC_MSGSEND = YES;
				ENABLE_TESTABILITY = YES;
				GCC_C_LANGUAGE_STANDARD = gnu11;
				GCC_DYNAMIC_NO_PIC = NO;
				GCC_NO_COMMON_BLOCKS = YES;
				GCC_OPTIMIZATION_LEVEL = 0;
				GCC_PREPROCESSOR_DEFINITIONS = (
					"DEBUG=1",
					"$(inherited)",
				);
				GCC_WARN_64_TO_32_BIT_CONVERSION = YES;
				GCC_WARN_ABOUT_RETURN_TYPE = YES_ERROR;
				GCC_WARN_UNDECLARED_SELECTOR = YES;
				GCC_WARN_UNINITIALIZED_AUTOS = YES_AGGRESSIVE;
				GCC_WARN_UNUSED_FUNCTION = YES;
				GCC_WARN_UNUSED_VARIABLE = YES;
				IPHONEOS_DEPLOYMENT_TARGET = 11.2;
				MTL_ENABLE_DEBUG_INFO = YES;
				ONLY_ACTIVE_ARCH = YES;
				SDKROOT = iphoneos;
				SWIFT_ACTIVE_COMPILATION_CONDITIONS = DEBUG;
				SWIFT_OPTIMIZATION_LEVEL = "-Onone";
			};
			name = Debug;
		};
		D86884CC203DDCAD00802341 /* Release */ = {
			isa = XCBuildConfiguration;
			buildSettings = {
				ALWAYS_SEARCH_USER_PATHS = NO;
				CLANG_ANALYZER_NONNULL = YES;
				CLANG_ANALYZER_NUMBER_OBJECT_CONVERSION = YES_AGGRESSIVE;
				CLANG_CXX_LANGUAGE_STANDARD = "gnu++14";
				CLANG_CXX_LIBRARY = "libc++";
				CLANG_ENABLE_MODULES = YES;
				CLANG_ENABLE_OBJC_ARC = YES;
				CLANG_WARN_BLOCK_CAPTURE_AUTORELEASING = YES;
				CLANG_WARN_BOOL_CONVERSION = YES;
				CLANG_WARN_COMMA = YES;
				CLANG_WARN_CONSTANT_CONVERSION = YES;
				CLANG_WARN_DIRECT_OBJC_ISA_USAGE = YES_ERROR;
				CLANG_WARN_DOCUMENTATION_COMMENTS = YES;
				CLANG_WARN_EMPTY_BODY = YES;
				CLANG_WARN_ENUM_CONVERSION = YES;
				CLANG_WARN_INFINITE_RECURSION = YES;
				CLANG_WARN_INT_CONVERSION = YES;
				CLANG_WARN_NON_LITERAL_NULL_CONVERSION = YES;
				CLANG_WARN_OBJC_LITERAL_CONVERSION = YES;
				CLANG_WARN_OBJC_ROOT_CLASS = YES_ERROR;
				CLANG_WARN_RANGE_LOOP_ANALYSIS = YES;
				CLANG_WARN_STRICT_PROTOTYPES = YES;
				CLANG_WARN_SUSPICIOUS_MOVE = YES;
				CLANG_WARN_UNGUARDED_AVAILABILITY = YES_AGGRESSIVE;
				CLANG_WARN_UNREACHABLE_CODE = YES;
				CLANG_WARN__DUPLICATE_METHOD_MATCH = YES;
				CODE_SIGN_IDENTITY = "iPhone Developer";
				COPY_PHASE_STRIP = NO;
				DEBUG_INFORMATION_FORMAT = "dwarf-with-dsym";
				ENABLE_NS_ASSERTIONS = NO;
				ENABLE_STRICT_OBJC_MSGSEND = YES;
				GCC_C_LANGUAGE_STANDARD = gnu11;
				GCC_NO_COMMON_BLOCKS = YES;
				GCC_WARN_64_TO_32_BIT_CONVERSION = YES;
				GCC_WARN_ABOUT_RETURN_TYPE = YES_ERROR;
				GCC_WARN_UNDECLARED_SELECTOR = YES;
				GCC_WARN_UNINITIALIZED_AUTOS = YES_AGGRESSIVE;
				GCC_WARN_UNUSED_FUNCTION = YES;
				GCC_WARN_UNUSED_VARIABLE = YES;
				IPHONEOS_DEPLOYMENT_TARGET = 11.2;
				MTL_ENABLE_DEBUG_INFO = NO;
				SDKROOT = iphoneos;
				SWIFT_OPTIMIZATION_LEVEL = "-Owholemodule";
				VALIDATE_PRODUCT = YES;
			};
			name = Release;
		};
		D86884CE203DDCAD00802341 /* Debug */ = {
			isa = XCBuildConfiguration;
			buildSettings = {
				ASSETCATALOG_COMPILER_APPICON_NAME = AppIcon;
				CODE_SIGN_STYLE = Automatic;
				DEVELOPMENT_TEAM = 53BVAZ8K9G;
				INFOPLIST_FILE = ProgramaticContstaintsAndAnimationsIOS17/Info.plist;
				LD_RUNPATH_SEARCH_PATHS = "$(inherited) @executable_path/Frameworks";
				PRODUCT_BUNDLE_IDENTIFIER = com.iOSDevelopr.ProgramaticContstaintsAndAnimationsIOS17.ProgramaticContstaintsAndAnimationsIOS17;
				PRODUCT_NAME = "$(TARGET_NAME)";
				SWIFT_VERSION = 4.0;
				TARGETED_DEVICE_FAMILY = "1,2";
			};
			name = Debug;
		};
		D86884CF203DDCAD00802341 /* Release */ = {
			isa = XCBuildConfiguration;
			buildSettings = {
				ASSETCATALOG_COMPILER_APPICON_NAME = AppIcon;
				CODE_SIGN_STYLE = Automatic;
				DEVELOPMENT_TEAM = 53BVAZ8K9G;
				INFOPLIST_FILE = ProgramaticContstaintsAndAnimationsIOS17/Info.plist;
				LD_RUNPATH_SEARCH_PATHS = "$(inherited) @executable_path/Frameworks";
				PRODUCT_BUNDLE_IDENTIFIER = com.iOSDevelopr.ProgramaticContstaintsAndAnimationsIOS17.ProgramaticContstaintsAndAnimationsIOS17;
				PRODUCT_NAME = "$(TARGET_NAME)";
				SWIFT_VERSION = 4.0;
				TARGETED_DEVICE_FAMILY = "1,2";
			};
			name = Release;
		};
/* End XCBuildConfiguration section */

/* Begin XCConfigurationList section */
		D86884B6203DDCAD00802341 /* Build configuration list for PBXProject "ProgramaticContstaintsAndAnimationsIOS17" */ = {
			isa = XCConfigurationList;
			buildConfigurations = (
				D86884CB203DDCAD00802341 /* Debug */,
				D86884CC203DDCAD00802341 /* Release */,
			);
			defaultConfigurationIsVisible = 0;
			defaultConfigurationName = Release;
		};
		D86884CD203DDCAD00802341 /* Build configuration list for PBXNativeTarget "ProgramaticContstaintsAndAnimationsIOS17" */ = {
			isa = XCConfigurationList;
			buildConfigurations = (
				D86884CE203DDCAD00802341 /* Debug */,
				D86884CF203DDCAD00802341 /* Release */,
			);
			defaultConfigurationIsVisible = 0;
			defaultConfigurationName = Release;
		};
/* End XCConfigurationList section */
	};
	rootObject = D86884B3203DDCAD00802341 /* Project object */;
}
